<?xml version="1.0" encoding="utf-8"?>
<Project ToolsVersion="4.0" xmlns="http://schemas.microsoft.com/developer/msbuild/2003">
  <ItemGroup>
    <Filter Include="Source Files">
      <UniqueIdentifier>{4FC737F1-C7A5-4376-A066-2A32D752A2FF}</UniqueIdentifier>
      <Extensions>cpp;c;cc;cxx;def;odl;idl;hpj;bat;asm;asmx</Extensions>
    </Filter>
    <Filter Include="Header Files">
      <UniqueIdentifier>{93995380-89BD-4b04-88EB-625FBE52EBFB}</UniqueIdentifier>
      <Extensions>h;hh;hpp;hxx;hm;inl;inc;xsd</Extensions>
    </Filter>
    <Filter Include="Resource Files">
      <UniqueIdentifier>{67DA6AB6-F800-4c08-8B7A-83BB121AAD01}</UniqueIdentifier>
      <Extensions>rc;ico;cur;bmp;dlg;rc2;rct;bin;rgs;gif;jpg;jpeg;jpe;resx;tiff;tif;png;wav;mfcribbon-ms</Extensions>
    </Filter>
  </ItemGroup>
  <ItemGroup>
    <ClInclude Include="core\core.h">
      <Filter>Header Files</Filter>
    </ClInclude>
    <ClInclude Include="core\entity.h">
      <Filter>Header Files</Filter>
    </ClInclude>
    <ClInclude Include="core\component.h">
      <Filter>Header Files</Filter>
    </ClInclude>
    <ClInclude Include="utils\debug\assert.h">
      <Filter>Header Files</Filter>
    </ClInclude>
    <ClInclude Include="core\entity_template_bodies.h">
      <Filter>Header Files</Filter>
    </ClInclude>
    <ClInclude Include="core\component_template_bodies.h">
      <Filter>Header Files</Filter>
    </ClInclude>
    <ClInclude Include="math\vec2.h">
      <Filter>Header Files</Filter>
    </ClInclude>
    <ClInclude Include="math\vec3.h">
      <Filter>Header Files</Filter>
    </ClInclude>
    <ClInclude Include="math\mat3.h">
      <Filter>Header Files</Filter>
    </ClInclude>
    <ClInclude Include="math\vec4.h">
      <Filter>Header Files</Filter>
    </ClInclude>
    <ClInclude Include="utils\type\non_copyable.h">
      <Filter>Header Files</Filter>
    </ClInclude>
    <ClInclude Include="utils\delegate\delegate.h">
      <Filter>Header Files</Filter>
    </ClInclude>
    <ClInclude Include="utils\delegate\callback.h">
      <Filter>Header Files</Filter>
    </ClInclude>
    <ClInclude Include="utils\delegate\static_function_callback.h">
      <Filter>Header Files</Filter>
    </ClInclude>
    <ClInclude Include="utils\delegate\member_function_callback.h">
      <Filter>Header Files</Filter>
    </ClInclude>
    <ClInclude Include="math\math.h">
      <Filter>Header Files</Filter>
    </ClInclude>
    <ClInclude Include="math\mat4.h">
      <Filter>Header Files</Filter>
    </ClInclude>
    <ClInclude Include="utils\time\timer.h">
      <Filter>Header Files</Filter>
    </ClInclude>
    <ClInclude Include="core\system.h">
      <Filter>Header Files</Filter>
    </ClInclude>
    <ClInclude Include="core\core_template_bodies.h">
      <Filter>Header Files</Filter>
    </ClInclude>
    <ClInclude Include="graphics\window_manager\window_manager.h">
      <Filter>Header Files</Filter>
    </ClInclude>
    <ClInclude Include="graphics\system\graphics_system.h">
      <Filter>Header Files</Filter>
    </ClInclude>
    <ClInclude Include="precompiled.h">
      <Filter>Header Files</Filter>
    </ClInclude>
    <ClInclude Include="input\input_manager.h">
      <Filter>Header Files</Filter>
    </ClInclude>
    <ClInclude Include="input\keycode.h">
      <Filter>Header Files</Filter>
    </ClInclude>
    <ClInclude Include="graphics\mesh\mesh.h">
      <Filter>Header Files</Filter>
    </ClInclude>
    <ClInclude Include="graphics\handle\handle.h">
      <Filter>Header Files</Filter>
    </ClInclude>
    <ClInclude Include="graphics\types\object_type.h">
      <Filter>Header Files</Filter>
    </ClInclude>
    <ClInclude Include="graphics\types\buffer_usage.h">
      <Filter>Header Files</Filter>
    </ClInclude>
    <ClInclude Include="graphics\vertex\vertex.h">
      <Filter>Header Files</Filter>
    </ClInclude>
    <ClInclude Include="graphics\render_context\render_context.h">
      <Filter>Header Files</Filter>
    </ClInclude>
    <ClInclude Include="math\random.h">
      <Filter>Header Files</Filter>
    </ClInclude>
    <ClInclude Include="filesystem\path.h">
      <Filter>Header Files</Filter>
    </ClInclude>
    <ClInclude Include="graphics\shader\shader_manager.h">
      <Filter>Header Files</Filter>
    </ClInclude>
    <ClInclude Include="graphics\shader\shader_program.h">
      <Filter>Header Files</Filter>
    </ClInclude>
    <ClInclude Include="math\quat.h">
      <Filter>Header Files</Filter>
    </ClInclude>
    <ClInclude Include="graphics\shader\shader_data.h">
      <Filter>Header Files</Filter>
    </ClInclude>
    <ClInclude Include="filesystem\file_string.h">
      <Filter>Header Files</Filter>
    </ClInclude>
    <ClInclude Include="graphics\types\shader_type.h">
      <Filter>Header Files</Filter>
    </ClInclude>
    <ClInclude Include="math\transform\transform3d.h">
      <Filter>Header Files</Filter>
    </ClInclude>
    <ClInclude Include="action_list\action.h">
      <Filter>Header Files</Filter>
    </ClInclude>
    <ClInclude Include="action_list\action_list.h">
      <Filter>Header Files</Filter>
    </ClInclude>
    <ClInclude Include="action_list\interval_action.h">
      <Filter>Header Files</Filter>
    </ClInclude>
    <ClInclude Include="action_list\instant_action.h">
      <Filter>Header Files</Filter>
    </ClInclude>
    <ClInclude Include="action_list\ease\ease_exp_in.h">
      <Filter>Header Files</Filter>
    </ClInclude>
    <ClInclude Include="graphics\mesh\mesh_renderer.h">
      <Filter>Header Files</Filter>
    </ClInclude>
    <ClInclude Include="graphics\camera\camera.h">
      <Filter>Header Files</Filter>
    </ClInclude>
    <ClInclude Include="utils\signal\signal.h">
      <Filter>Header Files</Filter>
    </ClInclude>
    <ClInclude Include="graphics\lighting\light.h">
      <Filter>Header Files</Filter>
    </ClInclude>
    <ClInclude Include="graphics\mesh\obj_loader.h">
      <Filter>Header Files</Filter>
    </ClInclude>
  </ItemGroup>
  <ItemGroup>
    <ClCompile Include="core\core.cpp">
      <Filter>Source Files</Filter>
    </ClCompile>
    <ClCompile Include="core\entity.cpp">
      <Filter>Source Files</Filter>
    </ClCompile>
    <ClCompile Include="core\component.cpp">
      <Filter>Source Files</Filter>
    </ClCompile>
    <ClCompile Include="utils\debug\assert.cpp">
      <Filter>Source Files</Filter>
    </ClCompile>
    <ClCompile Include="math\vec2.cpp">
      <Filter>Source Files</Filter>
    </ClCompile>
    <ClCompile Include="math\vec3.cpp">
      <Filter>Source Files</Filter>
    </ClCompile>
    <ClCompile Include="math\mat3.cpp">
      <Filter>Source Files</Filter>
    </ClCompile>
    <ClCompile Include="math\vec4.cpp">
      <Filter>Source Files</Filter>
    </ClCompile>
    <ClCompile Include="math\mat4.cpp">
      <Filter>Source Files</Filter>
    </ClCompile>
    <ClCompile Include="utils\time\timer.cpp">
      <Filter>Source Files</Filter>
    </ClCompile>
    <ClCompile Include="core\system.cpp">
      <Filter>Source Files</Filter>
    </ClCompile>
    <ClCompile Include="graphics\window_manager\window_manager.cpp">
      <Filter>Source Files</Filter>
    </ClCompile>
    <ClCompile Include="graphics\system\graphics_system.cpp">
      <Filter>Source Files</Filter>
    </ClCompile>
    <ClCompile Include="precompiled.cpp">
      <Filter>Source Files</Filter>
    </ClCompile>
    <ClCompile Include="input\input_manager.cpp">
      <Filter>Source Files</Filter>
    </ClCompile>
    <ClCompile Include="graphics\mesh\mesh.cpp">
      <Filter>Source Files</Filter>
    </ClCompile>
    <ClCompile Include="graphics\handle\handle.cpp">
      <Filter>Source Files</Filter>
    </ClCompile>
    <ClCompile Include="graphics\vertex\vertex.cpp">
      <Filter>Source Files</Filter>
    </ClCompile>
    <ClCompile Include="graphics\render_context\render_context.cpp">
      <Filter>Source Files</Filter>
    </ClCompile>
    <ClCompile Include="math\random.cpp">
      <Filter>Source Files</Filter>
    </ClCompile>
    <ClCompile Include="filesystem\path.cpp">
      <Filter>Source Files</Filter>
    </ClCompile>
    <ClCompile Include="graphics\shader\shader_manager.cpp">
      <Filter>Source Files</Filter>
    </ClCompile>
    <ClCompile Include="graphics\shader\shader_program.cpp">
      <Filter>Source Files</Filter>
    </ClCompile>
    <ClCompile Include="math\quat.cpp">
      <Filter>Source Files</Filter>
    </ClCompile>
    <ClCompile Include="graphics\shader\shader_data.cpp">
      <Filter>Source Files</Filter>
    </ClCompile>
    <ClCompile Include="filesystem\file_string.cpp">
      <Filter>Source Files</Filter>
    </ClCompile>
    <ClCompile Include="math\transform\transform3d.cpp">
      <Filter>Source Files</Filter>
    </ClCompile>
    <ClCompile Include="action_list\action.cpp">
      <Filter>Source Files</Filter>
    </ClCompile>
    <ClCompile Include="action_list\action_list.cpp">
      <Filter>Source Files</Filter>
    </ClCompile>
    <ClCompile Include="action_list\interval_action.cpp">
      <Filter>Source Files</Filter>
    </ClCompile>
    <ClCompile Include="action_list\instant_action.cpp">
      <Filter>Source Files</Filter>
    </ClCompile>
    <ClCompile Include="action_list\ease\ease_exp_in.cpp">
      <Filter>Source Files</Filter>
    </ClCompile>
    <ClCompile Include="graphics\mesh\mesh_renderer.cpp">
      <Filter>Source Files</Filter>
    </ClCompile>
    <ClCompile Include="graphics\camera\camera.cpp">
      <Filter>Source Files</Filter>
    </ClCompile>
    <ClCompile Include="graphics\lighting\light.cpp">
      <Filter>Source Files</Filter>
    </ClCompile>
    <ClCompile Include="graphics\mesh\obj_loader.cpp">
      <Filter>Source Files</Filter>
    </ClCompile>
  </ItemGroup>
</Project>